// !$*UTF8*$!
{
	archiveVersion = 1;
	classes = {
	};
	objectVersion = 46;
	objects = {

/* Begin PBXBuildFile section */
		84CAFE2D1C971DA40044482C /* AppDelegate.swift in Sources */ = {isa = PBXBuildFile; fileRef = 84CAFE2C1C971DA40044482C /* AppDelegate.swift */; };
		84CAFE2F1C971DA40044482C /* ViewController.swift in Sources */ = {isa = PBXBuildFile; fileRef = 84CAFE2E1C971DA40044482C /* ViewController.swift */; };
		84CAFE321C971DA40044482C /* Main.storyboard in Resources */ = {isa = PBXBuildFile; fileRef = 84CAFE301C971DA40044482C /* Main.storyboard */; };
		84CAFE341C971DA40044482C /* Assets.xcassets in Resources */ = {isa = PBXBuildFile; fileRef = 84CAFE331C971DA40044482C /* Assets.xcassets */; };
		84CAFE371C971DA40044482C /* LaunchScreen.storyboard in Resources */ = {isa = PBXBuildFile; fileRef = 84CAFE351C971DA40044482C /* LaunchScreen.storyboard */; };
		84CAFE421C971EB60044482C /* Car.swift in Sources */ = {isa = PBXBuildFile; fileRef = 84CAFE411C971EB60044482C /* Car.swift */; };
		84CAFE461C972A890044482C /* CarCellVC.swift in Sources */ = {isa = PBXBuildFile; fileRef = 84CAFE451C972A890044482C /* CarCellVC.swift */; };
		84CAFE481C9731160044482C /* csv.swift in Sources */ = {isa = PBXBuildFile; fileRef = 84CAFE471C9731150044482C /* csv.swift */; };
		84CAFE4A1C9731580044482C /* porsche.csv in Resources */ = {isa = PBXBuildFile; fileRef = 84CAFE491C9731580044482C /* porsche.csv */; };
		84D965061C986E3D00E2B8A8 /* porsche.mp3 in Resources */ = {isa = PBXBuildFile; fileRef = 84D965051C986E3D00E2B8A8 /* porsche.mp3 */; };
		84D965081C9873F000E2B8A8 /* PorscheDetailVC.swift in Sources */ = {isa = PBXBuildFile; fileRef = 84D965071C9873F000E2B8A8 /* PorscheDetailVC.swift */; };
/* End PBXBuildFile section */

/* Begin PBXFileReference section */
		84CAFE291C971DA40044482C /* Porshe.app */ = {isa = PBXFileReference; explicitFileType = wrapper.application; includeInIndex = 0; path = Porshe.app; sourceTree = BUILT_PRODUCTS_DIR; };
		84CAFE2C1C971DA40044482C /* AppDelegate.swift */ = {isa = PBXFileReference; lastKnownFileType = sourcecode.swift; path = AppDelegate.swift; sourceTree = "<group>"; };
		84CAFE2E1C971DA40044482C /* ViewController.swift */ = {isa = PBXFileReference; lastKnownFileType = sourcecode.swift; path = ViewController.swift; sourceTree = "<group>"; };
		84CAFE311C971DA40044482C /* Base */ = {isa = PBXFileReference; lastKnownFileType = file.storyboard; name = Base; path = Base.lproj/Main.storyboard; sourceTree = "<group>"; };
		84CAFE331C971DA40044482C /* Assets.xcassets */ = {isa = PBXFileReference; lastKnownFileType = folder.assetcatalog; path = Assets.xcassets; sourceTree = "<group>"; };
		84CAFE361C971DA40044482C /* Base */ = {isa = PBXFileReference; lastKnownFileType = file.storyboard; name = Base; path = Base.lproj/LaunchScreen.storyboard; sourceTree = "<group>"; };
		84CAFE381C971DA40044482C /* Info.plist */ = {isa = PBXFileReference; lastKnownFileType = text.plist.xml; path = Info.plist; sourceTree = "<group>"; };
		84CAFE411C971EB60044482C /* Car.swift */ = {isa = PBXFileReference; fileEncoding = 4; lastKnownFileType = sourcecode.swift; path = Car.swift; sourceTree = "<group>"; };
		84CAFE451C972A890044482C /* CarCellVC.swift */ = {isa = PBXFileReference; fileEncoding = 4; lastKnownFileType = sourcecode.swift; path = CarCellVC.swift; sourceTree = "<group>"; };
		84CAFE471C9731150044482C /* csv.swift */ = {isa = PBXFileReference; fileEncoding = 4; lastKnownFileType = sourcecode.swift; path = csv.swift; sourceTree = "<group>"; };
		84CAFE491C9731580044482C /* porsche.csv */ = {isa = PBXFileReference; fileEncoding = 4; lastKnownFileType = text; path = porsche.csv; sourceTree = "<group>"; };
		84D965051C986E3D00E2B8A8 /* porsche.mp3 */ = {isa = PBXFileReference; lastKnownFileType = audio.mp3; path = porsche.mp3; sourceTree = "<group>"; };
		84D965071C9873F000E2B8A8 /* PorscheDetailVC.swift */ = {isa = PBXFileReference; fileEncoding = 4; lastKnownFileType = sourcecode.swift; path = PorscheDetailVC.swift; sourceTree = "<group>"; };
/* End PBXFileReference section */

/* Begin PBXFrameworksBuildPhase section */
		84CAFE261C971DA40044482C /* Frameworks */ = {
			isa = PBXFrameworksBuildPhase;
			buildActionMask = 2147483647;
			files = (
			);
			runOnlyForDeploymentPostprocessing = 0;
		};
/* End PBXFrameworksBuildPhase section */

/* Begin PBXGroup section */
		84CAFE201C971DA40044482C = {
			isa = PBXGroup;
			children = (
				84CAFE2B1C971DA40044482C /* Porshe */,
				84CAFE2A1C971DA40044482C /* Products */,
			);
			sourceTree = "<group>";
		};
		84CAFE2A1C971DA40044482C /* Products */ = {
			isa = PBXGroup;
			children = (
				84CAFE291C971DA40044482C /* Porshe.app */,
			);
			name = Products;
			sourceTree = "<group>";
		};
		84CAFE2B1C971DA40044482C /* Porshe */ = {
			isa = PBXGroup;
			children = (
				84CAFE3E1C971E200044482C /* Model */,
				84CAFE3F1C971E2A0044482C /* View */,
				84CAFE401C971E330044482C /* Controller */,
				84CAFE431C9723F90044482C /* Util */,
				84CAFE441C9724070044482C /* Resources */,
				84CAFE2C1C971DA40044482C /* AppDelegate.swift */,
				84CAFE301C971DA40044482C /* Main.storyboard */,
				84CAFE331C971DA40044482C /* Assets.xcassets */,
				84CAFE351C971DA40044482C /* LaunchScreen.storyboard */,
				84CAFE381C971DA40044482C /* Info.plist */,
			);
			path = Porshe;
			sourceTree = "<group>";
		};
		84CAFE3E1C971E200044482C /* Model */ = {
			isa = PBXGroup;
			children = (
				84CAFE411C971EB60044482C /* Car.swift */,
			);
			name = Model;
			sourceTree = "<group>";
		};
		84CAFE3F1C971E2A0044482C /* View */ = {
			isa = PBXGroup;
			children = (
				84CAFE451C972A890044482C /* CarCellVC.swift */,
			);
			name = View;
			sourceTree = "<group>";
		};
		84CAFE401C971E330044482C /* Controller */ = {
			isa = PBXGroup;
			children = (
				84CAFE2E1C971DA40044482C /* ViewController.swift */,
				84D965071C9873F000E2B8A8 /* PorscheDetailVC.swift */,
			);
			name = Controller;
			sourceTree = "<group>";
		};
		84CAFE431C9723F90044482C /* Util */ = {
			isa = PBXGroup;
			children = (
				84CAFE471C9731150044482C /* csv.swift */,
			);
			name = Util;
			sourceTree = "<group>";
		};
		84CAFE441C9724070044482C /* Resources */ = {
			isa = PBXGroup;
			children = (
				84D965051C986E3D00E2B8A8 /* porsche.mp3 */,
				84CAFE491C9731580044482C /* porsche.csv */,
			);
			name = Resources;
			sourceTree = "<group>";
		};
/* End PBXGroup section */

/* Begin PBXNativeTarget section */
		84CAFE281C971DA40044482C /* Porshe */ = {
			isa = PBXNativeTarget;
			buildConfigurationList = 84CAFE3B1C971DA40044482C /* Build configuration list for PBXNativeTarget "Porshe" */;
			buildPhases = (
				84CAFE251C971DA40044482C /* Sources */,
				84CAFE261C971DA40044482C /* Frameworks */,
				84CAFE271C971DA40044482C /* Resources */,
			);
			buildRules = (
			);
			dependencies = (
			);
			name = Porshe;
			productName = Porshe;
			productReference = 84CAFE291C971DA40044482C /* Porshe.app */;
			productType = "com.apple.product-type.application";
		};
/* End PBXNativeTarget section */

/* Begin PBXProject section */
		84CAFE211C971DA40044482C /* Project object */ = {
			isa = PBXProject;
			attributes = {
				LastSwiftUpdateCheck = 0730;
				LastUpgradeCheck = 0730;
				ORGANIZATIONNAME = Admin;
				TargetAttributes = {
					84CAFE281C971DA40044482C = {
						CreatedOnToolsVersion = 7.3;
					};
				};
			};
			buildConfigurationList = 84CAFE241C971DA40044482C /* Build configuration list for PBXProject "Porshe" */;
			compatibilityVersion = "Xcode 3.2";
			developmentRegion = English;
			hasScannedForEncodings = 0;
			knownRegions = (
				en,
				Base,
			);
			mainGroup = 84CAFE201C971DA40044482C;
			productRefGroup = 84CAFE2A1C971DA40044482C /* Products */;
			projectDirPath = "";
			projectRoot = "";
			targets = (
				84CAFE281C971DA40044482C /* Porshe */,
			);
		};
/* End PBXProject section */

/* Begin PBXResourcesBuildPhase section */
		84CAFE271C971DA40044482C /* Resources */ = {
			isa = PBXResourcesBuildPhase;
			buildActionMask = 2147483647;
			files = (
				84D965061C986E3D00E2B8A8 /* porsche.mp3 in Resources */,
				84CAFE371C971DA40044482C /* LaunchScreen.storyboard in Resources */,
				84CAFE4A1C9731580044482C /* porsche.csv in Resources */,
				84CAFE341C971DA40044482C /* Assets.xcassets in Resources */,
				84CAFE321C971DA40044482C /* Main.storyboard in Resources */,
			);
			runOnlyForDeploymentPostprocessing = 0;
		};
/* End PBXResourcesBuildPhase section */

/* Begin PBXSourcesBuildPhase section */
		84CAFE251C971DA40044482C /* Sources */ = {
			isa = PBXSourcesBuildPhase;
			buildActionMask = 2147483647;
			files = (
				84CAFE2F1C971DA40044482C /* ViewController.swift in Sources */,
				84CAFE461C972A890044482C /* CarCellVC.swift in Sources */,
				84D965081C9873F000E2B8A8 /* PorscheDetailVC.swift in Sources */,
				84CAFE2D1C971DA40044482C /* AppDelegate.swift in Sources */,
				84CAFE421C971EB60044482C /* Car.swift in Sources */,
				84CAFE481C9731160044482C /* csv.swift in Sources */,
			);
			runOnlyForDeploymentPostprocessing = 0;
		};
/* End PBXSourcesBuildPhase section */

/* Begin PBXVariantGroup section */
		84CAFE301C971DA40044482C /* Main.storyboard */ = {
			isa = PBXVariantGroup;
			children = (
				84CAFE311C971DA40044482C /* Base */,
			);
			name = Main.storyboard;
			sourceTree = "<group>";
		};
		84CAFE351C971DA40044482C /* LaunchScreen.storyboard */ = {
			isa = PBXVariantGroup;
			children = (
				84CAFE361C971DA40044482C /* Base */,
			);
			name = LaunchScreen.storyboard;
			sourceTree = "<group>";
		};
/* End PBXVariantGroup section */

/* Begin XCBuildConfiguration section */
		84CAFE391C971DA40044482C /* Debug */ = {
			isa = XCBuildConfiguration;
			buildSettings = {
				ALWAYS_SEARCH_USER_PATHS = NO;
				CLANG_CXX_LANGUAGE_STANDARD = "gnu++0x";
				CLANG_CXX_LIBRARY = "libc++";
				CLANG_ENABLE_MODULES = YES;
				CLANG_ENABLE_OBJC_ARC = YES;
				CLANG_WARN_BOOL_CONVERSION = YES;
				CLANG_WARN_CONSTANT_CONVERSION = YES;
				CLANG_WARN_DIRECT_OBJC_ISA_USAGE = YES_ERROR;
				CLANG_WARN_EMPTY_BODY = YES;
				CLANG_WARN_ENUM_CONVERSION = YES;
				CLANG_WARN_INT_CONVERSION = YES;
				CLANG_WARN_OBJC_ROOT_CLASS = YES_ERROR;
				CLANG_WARN_UNREACHABLE_CODE = YES;
				CLANG_WARN__DUPLICATE_METHOD_MATCH = YES;
				"CODE_SIGN_IDENTITY[sdk=iphoneos*]" = "iPhone Developer";
				COPY_PHASE_STRIP = NO;
				DEBUG_INFORMATION_FORMAT = dwarf;
				ENABLE_STRICT_OBJC_MSGSEND = YES;
				ENABLE_TESTABILITY = YES;
				GCC_C_LANGUAGE_STANDARD = gnu99;
				GCC_DYNAMIC_NO_PIC = NO;
				GCC_NO_COMMON_BLOCKS = YES;
				GCC_OPTIMIZATION_LEVEL = 0;
				GCC_PREPROCESSOR_DEFINITIONS = (
					"DEBUG=1",
					"$(inherited)",
				);
				GCC_WARN_64_TO_32_BIT_CONVERSION = YES;
				GCC_WARN_ABOUT_RETURN_TYPE = YES_ERROR;
				GCC_WARN_UNDECLARED_SELECTOR = YES;
				GCC_WARN_UNINITIALIZED_AUTOS = YES_AGGRESSIVE;
				GCC_WARN_UNUSED_FUNCTION = YES;
				GCC_WARN_UNUSED_VARIABLE = YES;
				IPHONEOS_DEPLOYMENT_TARGET = 9.3;
				MTL_ENABLE_DEBUG_INFO = YES;
				ONLY_ACTIVE_ARCH = YES;
				SDKROOT = iphoneos;
				SWIFT_OPTIMIZATION_LEVEL = "-Onone";
				TARGETED_DEVICE_FAMILY = "1,2";
			};
			name = Debug;
		};
		84CAFE3A1C971DA40044482C /* Release */ = {
			isa = XCBuildConfiguration;
			buildSettings = {
				ALWAYS_SEARCH_USER_PATHS = NO;
				CLANG_CXX_LANGUAGE_STANDARD = "gnu++0x";
				CLANG_CXX_LIBRARY = "libc++";
				CLANG_ENABLE_MODULES = YES;
				CLANG_ENABLE_OBJC_ARC = YES;
				CLANG_WARN_BOOL_CONVERSION = YES;
				CLANG_WARN_CONSTANT_CONVERSION = YES;
				CLANG_WARN_DIRECT_OBJC_ISA_USAGE = YES_ERROR;
				CLANG_WARN_EMPTY_BODY = YES;
				CLANG_WARN_ENUM_CONVERSION = YES;
				CLANG_WARN_INT_CONVERSION = YES;
				CLANG_WARN_OBJC_ROOT_CLASS = YES_ERROR;
				CLANG_WARN_UNREACHABLE_CODE = YES;
				CLANG_WARN__DUPLICATE_METHOD_MATCH = YES;
				"CODE_SIGN_IDENTITY[sdk=iphoneos*]" = "iPhone Developer";
				COPY_PHASE_STRIP = NO;
				DEBUG_INFORMATION_FORMAT = "dwarf-with-dsym";
				ENABLE_NS_ASSERTIONS = NO;
				ENABLE_STRICT_OBJC_MSGSEND = YES;
				GCC_C_LANGUAGE_STANDARD = gnu99;
				GCC_NO_COMMON_BLOCKS = YES;
				GCC_WARN_64_TO_32_BIT_CONVERSION = YES;
				GCC_WARN_ABOUT_RETURN_TYPE = YES_ERROR;
				GCC_WARN_UNDECLARED_SELECTOR = YES;
				GCC_WARN_UNINITIALIZED_AUTOS = YES_AGGRESSIVE;
				GCC_WARN_UNUSED_FUNCTION = YES;
				GCC_WARN_UNUSED_VARIABLE = YES;
				IPHONEOS_DEPLOYMENT_TARGET = 9.3;
				MTL_ENABLE_DEBUG_INFO = NO;
				SDKROOT = iphoneos;
				TARGETED_DEVICE_FAMILY = "1,2";
				VALIDATE_PRODUCT = YES;
			};
			name = Release;
		};
		84CAFE3C1C971DA40044482C /* Debug */ = {
			isa = XCBuildConfiguration;
			buildSettings = {
				ASSETCATALOG_COMPILER_APPICON_NAME = AppIcon;
				INFOPLIST_FILE = Porshe/Info.plist;
				LD_RUNPATH_SEARCH_PATHS = "$(inherited) @executable_path/Frameworks";
				PRODUCT_BUNDLE_IDENTIFIER = Svyrydov.Porshe;
				PRODUCT_NAME = "$(TARGET_NAME)";
			};
			name = Debug;
		};
		84CAFE3D1C971DA40044482C /* Release */ = {
			isa = XCBuildConfiguration;
			buildSettings = {
				ASSETCATALOG_COMPILER_APPICON_NAME = AppIcon;
				INFOPLIST_FILE = Porshe/Info.plist;
				LD_RUNPATH_SEARCH_PATHS = "$(inherited) @executable_path/Frameworks";
				PRODUCT_BUNDLE_IDENTIFIER = Svyrydov.Porshe;
				PRODUCT_NAME = "$(TARGET_NAME)";
			};
			name = Release;
		};
/* End XCBuildConfiguration section */

/* Begin XCConfigurationList section */
		84CAFE241C971DA40044482C /* Build configuration list for PBXProject "Porshe" */ = {
			isa = XCConfigurationList;
			buildConfigurations = (
				84CAFE391C971DA40044482C /* Debug */,
				84CAFE3A1C971DA40044482C /* Release */,
			);
			defaultConfigurationIsVisible = 0;
			defaultConfigurationName = Release;
		};
		84CAFE3B1C971DA40044482C /* Build configuration list for PBXNativeTarget "Porshe" */ = {
			isa = XCConfigurationList;
			buildConfigurations = (
				84CAFE3C1C971DA40044482C /* Debug */,
				84CAFE3D1C971DA40044482C /* Release */,
			);
			defaultConfigurationIsVisible = 0;
			defaultConfigurationName = Release;
		};
/* End XCConfigurationList section */
	};
	rootObject = 84CAFE211C971DA40044482C /* Project object */;
}
